{
  "version": 4,
  "terraform_version": "1.6.6",
  "serial": 10,
  "lineage": "474e5d05-3bb4-c99d-f2db-ebd2d51494a8",
  "outputs": {},
  "resources": [
    {
      "mode": "data",
      "type": "azurerm_resource_group",
      "name": "cloud_in_azure_rb",
      "provider": "provider[\"registry.terraform.io/hashicorp/azurerm\"]",
      "instances": [
        {
          "schema_version": 0,
          "attributes": {
            "id": "/subscriptions/a67cb678-0d1b-4bf0-97dc-521062a152cd/resourceGroups/cloud_in_azure",
            "location": "eastus2",
            "managed_by": "",
            "name": "cloud_in_azure",
            "tags": {},
            "timeouts": null
          },
          "sensitive_attributes": []
        }
      ]
    },
    {
      "mode": "managed",
      "type": "azurerm_network_interface",
      "name": "main",
      "provider": "provider[\"registry.terraform.io/hashicorp/azurerm\"]",
      "instances": [
        {
          "schema_version": 0,
          "attributes": {
            "accelerated_networking_enabled": false,
            "applied_dns_servers": [],
            "auxiliary_mode": "",
            "auxiliary_sku": "",
            "dns_servers": [],
            "edge_zone": "",
            "id": "/subscriptions/a67cb678-0d1b-4bf0-97dc-521062a152cd/resourceGroups/cloud_in_azure/providers/Microsoft.Network/networkInterfaces/my-vm-nic",
            "internal_dns_name_label": "",
            "internal_domain_name_suffix": "t5s25xvhixluxelxybof2iq1hb.cx.internal.cloudapp.net",
            "ip_configuration": [
              {
                "gateway_load_balancer_frontend_ip_configuration_id": "",
                "name": "ipconfig1",
                "primary": true,
                "private_ip_address": "10.0.0.7",
                "private_ip_address_allocation": "Dynamic",
                "private_ip_address_version": "IPv4",
                "public_ip_address_id": "",
                "subnet_id": "/subscriptions/a67cb678-0d1b-4bf0-97dc-521062a152cd/resourceGroups/cloud_in_azure/providers/Microsoft.Network/virtualNetworks/Vnet-Terraform/subnets/subnet-Terraform"
              }
            ],
            "ip_forwarding_enabled": false,
            "location": "eastus2",
            "mac_address": "60-45-BD-7E-93-FC",
            "name": "my-vm-nic",
            "private_ip_address": "10.0.0.7",
            "private_ip_addresses": [
              "10.0.0.7"
            ],
            "resource_group_name": "cloud_in_azure",
            "tags": {},
            "timeouts": null,
            "virtual_machine_id": "/subscriptions/a67cb678-0d1b-4bf0-97dc-521062a152cd/resourceGroups/cloud_in_azure/providers/Microsoft.Compute/virtualMachines/myVM"
          },
          "sensitive_attributes": [],
          "private": "eyJlMmJmYjczMC1lY2FhLTExZTYtOGY4OC0zNDM2M2JjN2M0YzAiOnsiY3JlYXRlIjoxODAwMDAwMDAwMDAwLCJkZWxldGUiOjE4MDAwMDAwMDAwMDAsInJlYWQiOjMwMDAwMDAwMDAwMCwidXBkYXRlIjoxODAwMDAwMDAwMDAwfX0=",
          "dependencies": [
            "data.azurerm_resource_group.cloud_in_azure_rb",
            "data.azurerm_subnet.App_subnet_rb"
          ]
        }
      ]
    },
    {
      "mode": "managed",
      "type": "azurerm_network_interface_security_group_association",
      "name": "nic_nsg",
      "provider": "provider[\"registry.terraform.io/hashicorp/azurerm\"]",
      "instances": [
        {
          "schema_version": 0,
          "attributes": {
            "id": "/subscriptions/a67cb678-0d1b-4bf0-97dc-521062a152cd/resourceGroups/cloud_in_azure/providers/Microsoft.Network/networkInterfaces/my-vm-nic|/subscriptions/a67cb678-0d1b-4bf0-97dc-521062a152cd/resourceGroups/cloud_in_azure/providers/Microsoft.Network/networkSecurityGroups/My-Portal-NSG",
            "network_interface_id": "/subscriptions/a67cb678-0d1b-4bf0-97dc-521062a152cd/resourceGroups/cloud_in_azure/providers/Microsoft.Network/networkInterfaces/my-vm-nic",
            "network_security_group_id": "/subscriptions/a67cb678-0d1b-4bf0-97dc-521062a152cd/resourceGroups/cloud_in_azure/providers/Microsoft.Network/networkSecurityGroups/My-Portal-NSG",
            "timeouts": null
          },
          "sensitive_attributes": [],
          "private": "eyJlMmJmYjczMC1lY2FhLTExZTYtOGY4OC0zNDM2M2JjN2M0YzAiOnsiY3JlYXRlIjoxODAwMDAwMDAwMDAwLCJkZWxldGUiOjE4MDAwMDAwMDAwMDAsInJlYWQiOjMwMDAwMDAwMDAwMH19",
          "dependencies": [
            "azurerm_network_interface.main",
            "data.azurerm_network_security_group.portal_NSG",
            "data.azurerm_resource_group.cloud_in_azure_rb",
            "data.azurerm_subnet.App_subnet_rb"
          ]
        }
      ]
    }
  ],
  "check_results": null
}
